
Microsoft Visual Studio Solution File, Format Version 12.00
# Visual Studio Version 17
VisualStudioVersion = 17.11.35327.3
MinimumVisualStudioVersion = 10.0.40219.1
Project("{FAE04EC0-301F-11D3-BF4B-00C04F79EFBC}") = "photosi.orders", "photosi.orders\photosi.orders.csproj", "{D67EB92B-2CDD-40DD-83A7-29B9F13E9BE7}"
EndProject
Project("{2150E333-8FDC-42A3-9474-1A3956D46DE8}") = "Orders", "Orders", "{89279D5F-DE35-48B5-88A8-F4433DE68174}"
EndProject
Project("{2150E333-8FDC-42A3-9474-1A3956D46DE8}") = "Tests", "Tests", "{EAFD0AF6-F32A-4A02-96D2-3335CF37F1A9}"
EndProject
Project("{FAE04EC0-301F-11D3-BF4B-00C04F79EFBC}") = "tests.photosi.orders", "tests.photosi.orders\tests.photosi.orders.csproj", "{111B7BD4-0C70-4B74-8F1B-040662EA5647}"
EndProject
Project("{2150E333-8FDC-42A3-9474-1A3956D46DE8}") = "Catalog", "Catalog", "{D3EEC8EA-4189-409D-93A2-64C3DE97F4C4}"
EndProject
Project("{FAE04EC0-301F-11D3-BF4B-00C04F79EFBC}") = "photosi.catalog", "photosi.catalog\photosi.catalog.csproj", "{E81FCB6D-B340-4B23-A98A-B4EFEE892685}"
EndProject
Project("{2150E333-8FDC-42A3-9474-1A3956D46DE8}") = "Tests", "Tests", "{B4722F77-2CEC-4FF5-B72F-AFDC03D43A42}"
EndProject
Project("{FAE04EC0-301F-11D3-BF4B-00C04F79EFBC}") = "test.photosi.catalog", "test.photosi.catalog\test.photosi.catalog.csproj", "{8AC091A2-5F61-455A-9E0D-FF576D555A83}"
EndProject
Project("{2150E333-8FDC-42A3-9474-1A3956D46DE8}") = "Users", "Users", "{0A10533C-A1D0-4D1B-9316-B675510C4655}"
EndProject
Project("{2150E333-8FDC-42A3-9474-1A3956D46DE8}") = "Tests", "Tests", "{B1074A54-8806-4F5A-ACBA-9B10980A8C6A}"
EndProject
Project("{FAE04EC0-301F-11D3-BF4B-00C04F79EFBC}") = "photosi.users", "photosi.users\photosi.users.csproj", "{BB9B6C6F-C3F1-498C-971F-60B8519F3874}"
EndProject
Project("{FAE04EC0-301F-11D3-BF4B-00C04F79EFBC}") = "test.photosi.users", "test.photosi.users\test.photosi.users.csproj", "{41FC3EAB-744F-4138-8260-DCBD6D89C7F0}"
EndProject
Project("{2150E333-8FDC-42A3-9474-1A3956D46DE8}") = "PickupPoints", "PickupPoints", "{8CBDDD1A-CC4A-4C47-A745-9EE4B54A90B3}"
EndProject
Project("{2150E333-8FDC-42A3-9474-1A3956D46DE8}") = "Tests", "Tests", "{C6AFE207-6B96-4599-ADC7-2A74B9598C70}"
EndProject
Project("{FAE04EC0-301F-11D3-BF4B-00C04F79EFBC}") = "photosi.pickuppoints", "photosi.pickuppoints\photosi.pickuppoints.csproj", "{04B17A22-6605-4219-830B-D47AE9ECFFDB}"
EndProject
Project("{FAE04EC0-301F-11D3-BF4B-00C04F79EFBC}") = "test.photosi.pickuppoints", "test.photosi.pickuppoints\test.photosi.pickuppoints.csproj", "{DAA958AB-4A7A-4742-95D5-F7CD8D100345}"
EndProject
Project("{2150E333-8FDC-42A3-9474-1A3956D46DE8}") = "Api", "Api", "{213E36AD-96DF-4E72-95C7-4A661B1275F3}"
EndProject
Project("{FAE04EC0-301F-11D3-BF4B-00C04F79EFBC}") = "photosi.api", "photosi.api\photosi.api.csproj", "{9B819793-D405-4613-8795-2062FDA91A12}"
EndProject
Project("{E53339B2-1760-4266-BCC7-CA923CBCF16C}") = "docker-compose", "docker-compose.dcproj", "{6CC1F60C-F6D0-4363-9588-3D10DCBBDC6D}"
EndProject
Global
	GlobalSection(SolutionConfigurationPlatforms) = preSolution
		Debug|Any CPU = Debug|Any CPU
		Release|Any CPU = Release|Any CPU
	EndGlobalSection
	GlobalSection(ProjectConfigurationPlatforms) = postSolution
		{D67EB92B-2CDD-40DD-83A7-29B9F13E9BE7}.Debug|Any CPU.ActiveCfg = Debug|Any CPU
		{D67EB92B-2CDD-40DD-83A7-29B9F13E9BE7}.Debug|Any CPU.Build.0 = Debug|Any CPU
		{D67EB92B-2CDD-40DD-83A7-29B9F13E9BE7}.Release|Any CPU.ActiveCfg = Release|Any CPU
		{D67EB92B-2CDD-40DD-83A7-29B9F13E9BE7}.Release|Any CPU.Build.0 = Release|Any CPU
		{111B7BD4-0C70-4B74-8F1B-040662EA5647}.Debug|Any CPU.ActiveCfg = Debug|Any CPU
		{111B7BD4-0C70-4B74-8F1B-040662EA5647}.Debug|Any CPU.Build.0 = Debug|Any CPU
		{111B7BD4-0C70-4B74-8F1B-040662EA5647}.Release|Any CPU.ActiveCfg = Release|Any CPU
		{111B7BD4-0C70-4B74-8F1B-040662EA5647}.Release|Any CPU.Build.0 = Release|Any CPU
		{E81FCB6D-B340-4B23-A98A-B4EFEE892685}.Debug|Any CPU.ActiveCfg = Debug|Any CPU
		{E81FCB6D-B340-4B23-A98A-B4EFEE892685}.Debug|Any CPU.Build.0 = Debug|Any CPU
		{E81FCB6D-B340-4B23-A98A-B4EFEE892685}.Release|Any CPU.ActiveCfg = Release|Any CPU
		{E81FCB6D-B340-4B23-A98A-B4EFEE892685}.Release|Any CPU.Build.0 = Release|Any CPU
		{8AC091A2-5F61-455A-9E0D-FF576D555A83}.Debug|Any CPU.ActiveCfg = Debug|Any CPU
		{8AC091A2-5F61-455A-9E0D-FF576D555A83}.Debug|Any CPU.Build.0 = Debug|Any CPU
		{8AC091A2-5F61-455A-9E0D-FF576D555A83}.Release|Any CPU.ActiveCfg = Release|Any CPU
		{8AC091A2-5F61-455A-9E0D-FF576D555A83}.Release|Any CPU.Build.0 = Release|Any CPU
		{BB9B6C6F-C3F1-498C-971F-60B8519F3874}.Debug|Any CPU.ActiveCfg = Debug|Any CPU
		{BB9B6C6F-C3F1-498C-971F-60B8519F3874}.Debug|Any CPU.Build.0 = Debug|Any CPU
		{BB9B6C6F-C3F1-498C-971F-60B8519F3874}.Release|Any CPU.ActiveCfg = Release|Any CPU
		{BB9B6C6F-C3F1-498C-971F-60B8519F3874}.Release|Any CPU.Build.0 = Release|Any CPU
		{41FC3EAB-744F-4138-8260-DCBD6D89C7F0}.Debug|Any CPU.ActiveCfg = Debug|Any CPU
		{41FC3EAB-744F-4138-8260-DCBD6D89C7F0}.Debug|Any CPU.Build.0 = Debug|Any CPU
		{41FC3EAB-744F-4138-8260-DCBD6D89C7F0}.Release|Any CPU.ActiveCfg = Release|Any CPU
		{41FC3EAB-744F-4138-8260-DCBD6D89C7F0}.Release|Any CPU.Build.0 = Release|Any CPU
		{04B17A22-6605-4219-830B-D47AE9ECFFDB}.Debug|Any CPU.ActiveCfg = Debug|Any CPU
		{04B17A22-6605-4219-830B-D47AE9ECFFDB}.Debug|Any CPU.Build.0 = Debug|Any CPU
		{04B17A22-6605-4219-830B-D47AE9ECFFDB}.Release|Any CPU.ActiveCfg = Release|Any CPU
		{04B17A22-6605-4219-830B-D47AE9ECFFDB}.Release|Any CPU.Build.0 = Release|Any CPU
		{DAA958AB-4A7A-4742-95D5-F7CD8D100345}.Debug|Any CPU.ActiveCfg = Debug|Any CPU
		{DAA958AB-4A7A-4742-95D5-F7CD8D100345}.Debug|Any CPU.Build.0 = Debug|Any CPU
		{DAA958AB-4A7A-4742-95D5-F7CD8D100345}.Release|Any CPU.ActiveCfg = Release|Any CPU
		{DAA958AB-4A7A-4742-95D5-F7CD8D100345}.Release|Any CPU.Build.0 = Release|Any CPU
		{9B819793-D405-4613-8795-2062FDA91A12}.Debug|Any CPU.ActiveCfg = Debug|Any CPU
		{9B819793-D405-4613-8795-2062FDA91A12}.Debug|Any CPU.Build.0 = Debug|Any CPU
		{9B819793-D405-4613-8795-2062FDA91A12}.Release|Any CPU.ActiveCfg = Release|Any CPU
		{9B819793-D405-4613-8795-2062FDA91A12}.Release|Any CPU.Build.0 = Release|Any CPU
		{6CC1F60C-F6D0-4363-9588-3D10DCBBDC6D}.Debug|Any CPU.ActiveCfg = Debug|Any CPU
		{6CC1F60C-F6D0-4363-9588-3D10DCBBDC6D}.Debug|Any CPU.Build.0 = Debug|Any CPU
		{6CC1F60C-F6D0-4363-9588-3D10DCBBDC6D}.Release|Any CPU.ActiveCfg = Release|Any CPU
		{6CC1F60C-F6D0-4363-9588-3D10DCBBDC6D}.Release|Any CPU.Build.0 = Release|Any CPU
	EndGlobalSection
	GlobalSection(SolutionProperties) = preSolution
		HideSolutionNode = FALSE
	EndGlobalSection
	GlobalSection(NestedProjects) = preSolution
		{D67EB92B-2CDD-40DD-83A7-29B9F13E9BE7} = {89279D5F-DE35-48B5-88A8-F4433DE68174}
		{EAFD0AF6-F32A-4A02-96D2-3335CF37F1A9} = {89279D5F-DE35-48B5-88A8-F4433DE68174}
		{111B7BD4-0C70-4B74-8F1B-040662EA5647} = {EAFD0AF6-F32A-4A02-96D2-3335CF37F1A9}
		{E81FCB6D-B340-4B23-A98A-B4EFEE892685} = {D3EEC8EA-4189-409D-93A2-64C3DE97F4C4}
		{B4722F77-2CEC-4FF5-B72F-AFDC03D43A42} = {D3EEC8EA-4189-409D-93A2-64C3DE97F4C4}
		{8AC091A2-5F61-455A-9E0D-FF576D555A83} = {B4722F77-2CEC-4FF5-B72F-AFDC03D43A42}
		{B1074A54-8806-4F5A-ACBA-9B10980A8C6A} = {0A10533C-A1D0-4D1B-9316-B675510C4655}
		{BB9B6C6F-C3F1-498C-971F-60B8519F3874} = {0A10533C-A1D0-4D1B-9316-B675510C4655}
		{41FC3EAB-744F-4138-8260-DCBD6D89C7F0} = {B1074A54-8806-4F5A-ACBA-9B10980A8C6A}
		{C6AFE207-6B96-4599-ADC7-2A74B9598C70} = {8CBDDD1A-CC4A-4C47-A745-9EE4B54A90B3}
		{04B17A22-6605-4219-830B-D47AE9ECFFDB} = {8CBDDD1A-CC4A-4C47-A745-9EE4B54A90B3}
		{DAA958AB-4A7A-4742-95D5-F7CD8D100345} = {C6AFE207-6B96-4599-ADC7-2A74B9598C70}
		{9B819793-D405-4613-8795-2062FDA91A12} = {213E36AD-96DF-4E72-95C7-4A661B1275F3}
	EndGlobalSection
	GlobalSection(ExtensibilityGlobals) = postSolution
		SolutionGuid = {22149874-0446-4EA1-A604-17D49511C1CC}
	EndGlobalSection
EndGlobal
